
Microsoft Visual Studio Solution File, Format Version 12.00
# Visual Studio Version 17
VisualStudioVersion = 17.3.32825.248
MinimumVisualStudioVersion = 10.0.40219.1
Project("{FAE04EC0-301F-11D3-BF4B-00C04F79EFBC}") = "CoBan_ToolTip_HelpProvider_ErrorProvider", "CoBan_ToolTip_HelpProvider_ErrorProvider\CoBan_ToolTip_HelpProvider_ErrorProvider.csproj", "{1595FF9D-871C-4F05-BA36-55279BC01AD2}"
EndProject
Global
	GlobalSection(SolutionConfigurationPlatforms) = preSolution
		Debug|Any CPU = Debug|Any CPU
		Release|Any CPU = Release|Any CPU
	EndGlobalSection
	GlobalSection(ProjectConfigurationPlatforms) = postSolution
		{1595FF9D-871C-4F05-BA36-55279BC01AD2}.Debug|Any CPU.ActiveCfg = Debug|Any CPU
		{1595FF9D-871C-4F05-BA36-55279BC01AD2}.Debug|Any CPU.Build.0 = Debug|Any CPU
		{1595FF9D-871C-4F05-BA36-55279BC01AD2}.Release|Any CPU.ActiveCfg = Release|Any CPU
		{1595FF9D-871C-4F05-BA36-55279BC01AD2}.Release|Any CPU.Build.0 = Release|Any CPU
	EndGlobalSection
	GlobalSection(SolutionProperties) = preSolution
		HideSolutionNode = FALSE
	EndGlobalSection
	GlobalSection(ExtensibilityGlobals) = postSolution
		SolutionGuid = {0AB3BAD1-159D-4440-9826-182724067476}
	EndGlobalSection
EndGlobal
